
Microsoft Visual Studio Solution File, Format Version 12.00
# Visual Studio Version 16
VisualStudioVersion = 16.0.30611.23
MinimumVisualStudioVersion = 10.0.40219.1
Project("{FAE04EC0-301F-11D3-BF4B-00C04F79EFBC}") = "DrawnMatchesApp", "DrawnMatchesApp.csproj", "{6D7351F8-9EBD-4988-8C4E-58E2EE8C8564}"
EndProject
Global
	GlobalSection(SolutionConfigurationPlatforms) = preSolution
		Debug|Any CPU = Debug|Any CPU
		Release|Any CPU = Release|Any CPU
	EndGlobalSection
	GlobalSection(ProjectConfigurationPlatforms) = postSolution
		{6D7351F8-9EBD-4988-8C4E-58E2EE8C8564}.Debug|Any CPU.ActiveCfg = Debug|Any CPU
		{6D7351F8-9EBD-4988-8C4E-58E2EE8C8564}.Debug|Any CPU.Build.0 = Debug|Any CPU
		{6D7351F8-9EBD-4988-8C4E-58E2EE8C8564}.Release|Any CPU.ActiveCfg = Release|Any CPU
		{6D7351F8-9EBD-4988-8C4E-58E2EE8C8564}.Release|Any CPU.Build.0 = Release|Any CPU
	EndGlobalSection
	GlobalSection(SolutionProperties) = preSolution
		HideSolutionNode = FALSE
	EndGlobalSection
	GlobalSection(ExtensibilityGlobals) = postSolution
		SolutionGuid = {5CDD4794-456F-42CA-9FCB-30EA6089087D}
	EndGlobalSection
EndGlobal
