
Microsoft Visual Studio Solution File, Format Version 12.00
# Visual Studio Version 16
VisualStudioVersion = 16.0.30611.23
MinimumVisualStudioVersion = 10.0.40219.1
Project("{FAE04EC0-301F-11D3-BF4B-00C04F79EFBC}") = "ConsoleApp2", "ConsoleApp2.csproj", "{9864D871-2D21-4E2E-A634-B986513F468A}"
EndProject
Global
	GlobalSection(SolutionConfigurationPlatforms) = preSolution
		Debug|Any CPU = Debug|Any CPU
		Release|Any CPU = Release|Any CPU
	EndGlobalSection
	GlobalSection(ProjectConfigurationPlatforms) = postSolution
		{9864D871-2D21-4E2E-A634-B986513F468A}.Debug|Any CPU.ActiveCfg = Debug|Any CPU
		{9864D871-2D21-4E2E-A634-B986513F468A}.Debug|Any CPU.Build.0 = Debug|Any CPU
		{9864D871-2D21-4E2E-A634-B986513F468A}.Release|Any CPU.ActiveCfg = Release|Any CPU
		{9864D871-2D21-4E2E-A634-B986513F468A}.Release|Any CPU.Build.0 = Release|Any CPU
	EndGlobalSection
	GlobalSection(SolutionProperties) = preSolution
		HideSolutionNode = FALSE
	EndGlobalSection
	GlobalSection(ExtensibilityGlobals) = postSolution
		SolutionGuid = {06944497-6B67-4FA1-A3AE-1FAB1C777D8B}
	EndGlobalSection
EndGlobal
